
Microsoft Visual Studio Solution File, Format Version 12.00
# Visual Studio Version 16
VisualStudioVersion = 16.0.30002.166
MinimumVisualStudioVersion = 10.0.40219.1
Project("{FAE04EC0-301F-11D3-BF4B-00C04F79EFBC}") = "Gateway", "Gateway.csproj", "{983DC450-7F91-4831-93D2-36B7BC976681}"
EndProject
Project("{FAE04EC0-301F-11D3-BF4B-00C04F79EFBC}") = "Business", "..\Business\Business.csproj", "{09467BA8-9A4E-41C5-8FB2-B659442FA8A5}"
EndProject
Global
	GlobalSection(SolutionConfigurationPlatforms) = preSolution
		Debug|Any CPU = Debug|Any CPU
		Release|Any CPU = Release|Any CPU
	EndGlobalSection
	GlobalSection(ProjectConfigurationPlatforms) = postSolution
		{983DC450-7F91-4831-93D2-36B7BC976681}.Debug|Any CPU.ActiveCfg = Debug|Any CPU
		{983DC450-7F91-4831-93D2-36B7BC976681}.Debug|Any CPU.Build.0 = Debug|Any CPU
		{983DC450-7F91-4831-93D2-36B7BC976681}.Release|Any CPU.ActiveCfg = Release|Any CPU
		{983DC450-7F91-4831-93D2-36B7BC976681}.Release|Any CPU.Build.0 = Release|Any CPU
		{09467BA8-9A4E-41C5-8FB2-B659442FA8A5}.Debug|Any CPU.ActiveCfg = Debug|Any CPU
		{09467BA8-9A4E-41C5-8FB2-B659442FA8A5}.Debug|Any CPU.Build.0 = Debug|Any CPU
		{09467BA8-9A4E-41C5-8FB2-B659442FA8A5}.Release|Any CPU.ActiveCfg = Release|Any CPU
		{09467BA8-9A4E-41C5-8FB2-B659442FA8A5}.Release|Any CPU.Build.0 = Release|Any CPU
	EndGlobalSection
	GlobalSection(SolutionProperties) = preSolution
		HideSolutionNode = FALSE
	EndGlobalSection
	GlobalSection(ExtensibilityGlobals) = postSolution
		SolutionGuid = {7AF4D388-DDEE-4C4B-9F5A-CA46EEE13882}
	EndGlobalSection
EndGlobal
